
Microsoft Visual Studio Solution File, Format Version 12.00
# Visual Studio 15
VisualStudioVersion = 15.0.27130.2026
MinimumVisualStudioVersion = 10.0.40219.1
Project("{FAE04EC0-301F-11D3-BF4B-00C04F79EFBC}") = "Tuto_Git1", "Tuto_Git1\Tuto_Git1.csproj", "{9574C56D-98FC-4F05-A4FC-5073B4A86A8D}"
EndProject
Global
	GlobalSection(SolutionConfigurationPlatforms) = preSolution
		Debug|Any CPU = Debug|Any CPU
		Release|Any CPU = Release|Any CPU
	EndGlobalSection
	GlobalSection(ProjectConfigurationPlatforms) = postSolution
		{9574C56D-98FC-4F05-A4FC-5073B4A86A8D}.Debug|Any CPU.ActiveCfg = Debug|Any CPU
		{9574C56D-98FC-4F05-A4FC-5073B4A86A8D}.Debug|Any CPU.Build.0 = Debug|Any CPU
		{9574C56D-98FC-4F05-A4FC-5073B4A86A8D}.Release|Any CPU.ActiveCfg = Release|Any CPU
		{9574C56D-98FC-4F05-A4FC-5073B4A86A8D}.Release|Any CPU.Build.0 = Release|Any CPU
	EndGlobalSection
	GlobalSection(SolutionProperties) = preSolution
		HideSolutionNode = FALSE
	EndGlobalSection
	GlobalSection(ExtensibilityGlobals) = postSolution
		SolutionGuid = {758909E9-B92B-4C44-BBAD-8555E5C93FD8}
	EndGlobalSection
EndGlobal
